// !$*UTF8*$!
{
	archiveVersion = 1;
	classes = {
	};
	objectVersion = 46;
	objects = {

/* Begin PBXBuildFile section */
		2C4E6D400D5F46E81D109540 /* Pods_RealmExceptionTest.framework in Frameworks */ = {isa = PBXBuildFile; fileRef = 9AB79D6E4F2288E6EF90BB82 /* Pods_RealmExceptionTest.framework */; };
		440B5DE11E941AD700737940 /* AppDelegate.swift in Sources */ = {isa = PBXBuildFile; fileRef = 440B5DE01E941AD700737940 /* AppDelegate.swift */; };
		440B5DE31E941AD700737940 /* ViewController.swift in Sources */ = {isa = PBXBuildFile; fileRef = 440B5DE21E941AD700737940 /* ViewController.swift */; };
		440B5DE61E941AD700737940 /* Main.storyboard in Resources */ = {isa = PBXBuildFile; fileRef = 440B5DE41E941AD700737940 /* Main.storyboard */; };
		440B5DE81E941AD700737940 /* Assets.xcassets in Resources */ = {isa = PBXBuildFile; fileRef = 440B5DE71E941AD700737940 /* Assets.xcassets */; };
		440B5DEB1E941AD700737940 /* LaunchScreen.storyboard in Resources */ = {isa = PBXBuildFile; fileRef = 440B5DE91E941AD700737940 /* LaunchScreen.storyboard */; };
		440B5DF31E941B3C00737940 /* Model.swift in Sources */ = {isa = PBXBuildFile; fileRef = 440B5DF21E941B3C00737940 /* Model.swift */; };
		C6ADDFF8369A7A13D43749D9 /* Pods_RealmException.framework in Frameworks */ = {isa = PBXBuildFile; fileRef = F7EB19319474B0BB8FF40461 /* Pods_RealmException.framework */; };
/* End PBXBuildFile section */

/* Begin PBXFileReference section */
		1D4C7EA3F8060D554E91D4B6 /* Pods-RealmExceptionTest.debug.xcconfig */ = {isa = PBXFileReference; includeInIndex = 1; lastKnownFileType = text.xcconfig; name = "Pods-RealmExceptionTest.debug.xcconfig"; path = "Pods/Target Support Files/Pods-RealmExceptionTest/Pods-RealmExceptionTest.debug.xcconfig"; sourceTree = "<group>"; };
		440B5DDD1E941AD700737940 /* RealmExceptionTest.app */ = {isa = PBXFileReference; explicitFileType = wrapper.application; includeInIndex = 0; path = RealmExceptionTest.app; sourceTree = BUILT_PRODUCTS_DIR; };
		440B5DE01E941AD700737940 /* AppDelegate.swift */ = {isa = PBXFileReference; lastKnownFileType = sourcecode.swift; path = AppDelegate.swift; sourceTree = "<group>"; };
		440B5DE21E941AD700737940 /* ViewController.swift */ = {isa = PBXFileReference; lastKnownFileType = sourcecode.swift; path = ViewController.swift; sourceTree = "<group>"; };
		440B5DE51E941AD700737940 /* Base */ = {isa = PBXFileReference; lastKnownFileType = file.storyboard; name = Base; path = Base.lproj/Main.storyboard; sourceTree = "<group>"; };
		440B5DE71E941AD700737940 /* Assets.xcassets */ = {isa = PBXFileReference; lastKnownFileType = folder.assetcatalog; path = Assets.xcassets; sourceTree = "<group>"; };
		440B5DEA1E941AD700737940 /* Base */ = {isa = PBXFileReference; lastKnownFileType = file.storyboard; name = Base; path = Base.lproj/LaunchScreen.storyboard; sourceTree = "<group>"; };
		440B5DEC1E941AD700737940 /* Info.plist */ = {isa = PBXFileReference; lastKnownFileType = text.plist.xml; path = Info.plist; sourceTree = "<group>"; };
		440B5DF21E941B3C00737940 /* Model.swift */ = {isa = PBXFileReference; fileEncoding = 4; lastKnownFileType = sourcecode.swift; path = Model.swift; sourceTree = "<group>"; };
		9AB79D6E4F2288E6EF90BB82 /* Pods_RealmExceptionTest.framework */ = {isa = PBXFileReference; explicitFileType = wrapper.framework; includeInIndex = 0; path = Pods_RealmExceptionTest.framework; sourceTree = BUILT_PRODUCTS_DIR; };
		C76711BD5A6788DD6922D089 /* Pods-RealmException.debug.xcconfig */ = {isa = PBXFileReference; includeInIndex = 1; lastKnownFileType = text.xcconfig; name = "Pods-RealmException.debug.xcconfig"; path = "Pods/Target Support Files/Pods-RealmException/Pods-RealmException.debug.xcconfig"; sourceTree = "<group>"; };
		D4861D78829FEF4CA1F7B207 /* Pods-RealmExceptionTest.release.xcconfig */ = {isa = PBXFileReference; includeInIndex = 1; lastKnownFileType = text.xcconfig; name = "Pods-RealmExceptionTest.release.xcconfig"; path = "Pods/Target Support Files/Pods-RealmExceptionTest/Pods-RealmExceptionTest.release.xcconfig"; sourceTree = "<group>"; };
		E42C312E6D173BF431F15004 /* Pods-RealmException.release.xcconfig */ = {isa = PBXFileReference; includeInIndex = 1; lastKnownFileType = text.xcconfig; name = "Pods-RealmException.release.xcconfig"; path = "Pods/Target Support Files/Pods-RealmException/Pods-RealmException.release.xcconfig"; sourceTree = "<group>"; };
		F7EB19319474B0BB8FF40461 /* Pods_RealmException.framework */ = {isa = PBXFileReference; explicitFileType = wrapper.framework; includeInIndex = 0; path = Pods_RealmException.framework; sourceTree = BUILT_PRODUCTS_DIR; };
/* End PBXFileReference section */

/* Begin PBXFrameworksBuildPhase section */
		440B5DDA1E941AD700737940 /* Frameworks */ = {
			isa = PBXFrameworksBuildPhase;
			buildActionMask = 2147483647;
			files = (
				C6ADDFF8369A7A13D43749D9 /* Pods_RealmException.framework in Frameworks */,
				2C4E6D400D5F46E81D109540 /* Pods_RealmExceptionTest.framework in Frameworks */,
			);
			runOnlyForDeploymentPostprocessing = 0;
		};
/* End PBXFrameworksBuildPhase section */

/* Begin PBXGroup section */
		1ED17DC712FE223E8F0C25B6 /* Pods */ = {
			isa = PBXGroup;
			children = (
				C76711BD5A6788DD6922D089 /* Pods-RealmException.debug.xcconfig */,
				E42C312E6D173BF431F15004 /* Pods-RealmException.release.xcconfig */,
				1D4C7EA3F8060D554E91D4B6 /* Pods-RealmExceptionTest.debug.xcconfig */,
				D4861D78829FEF4CA1F7B207 /* Pods-RealmExceptionTest.release.xcconfig */,
			);
			name = Pods;
			sourceTree = "<group>";
		};
		440B5DD41E941AD700737940 = {
			isa = PBXGroup;
			children = (
				440B5DDF1E941AD700737940 /* RealmExceptionTest */,
				440B5DDE1E941AD700737940 /* Products */,
				1ED17DC712FE223E8F0C25B6 /* Pods */,
				DBCDD16F171AFEFAC0D16BC2 /* Frameworks */,
			);
			sourceTree = "<group>";
		};
		440B5DDE1E941AD700737940 /* Products */ = {
			isa = PBXGroup;
			children = (
				440B5DDD1E941AD700737940 /* RealmExceptionTest.app */,
			);
			name = Products;
			sourceTree = "<group>";
		};
		440B5DDF1E941AD700737940 /* RealmExceptionTest */ = {
			isa = PBXGroup;
			children = (
				440B5DE01E941AD700737940 /* AppDelegate.swift */,
				440B5DE21E941AD700737940 /* ViewController.swift */,
				440B5DF21E941B3C00737940 /* Model.swift */,
				440B5DE41E941AD700737940 /* Main.storyboard */,
				440B5DE71E941AD700737940 /* Assets.xcassets */,
				440B5DE91E941AD700737940 /* LaunchScreen.storyboard */,
				440B5DEC1E941AD700737940 /* Info.plist */,
			);
			path = RealmExceptionTest;
			sourceTree = "<group>";
		};
		DBCDD16F171AFEFAC0D16BC2 /* Frameworks */ = {
			isa = PBXGroup;
			children = (
				F7EB19319474B0BB8FF40461 /* Pods_RealmException.framework */,
				9AB79D6E4F2288E6EF90BB82 /* Pods_RealmExceptionTest.framework */,
			);
			name = Frameworks;
			sourceTree = "<group>";
		};
/* End PBXGroup section */

/* Begin PBXNativeTarget section */
		440B5DDC1E941AD700737940 /* RealmExceptionTest */ = {
			isa = PBXNativeTarget;
			buildConfigurationList = 440B5DEF1E941AD700737940 /* Build configuration list for PBXNativeTarget "RealmExceptionTest" */;
			buildPhases = (
				13759A932556483AD41B9A9A /* [CP] Check Pods Manifest.lock */,
				440B5DD91E941AD700737940 /* Sources */,
				440B5DDA1E941AD700737940 /* Frameworks */,
				440B5DDB1E941AD700737940 /* Resources */,
				C2D6E4C9319DF1CBD9B6AD0F /* [CP] Embed Pods Frameworks */,
				ABD1F4F7C8BF8CFCE12F6697 /* [CP] Copy Pods Resources */,
			);
			buildRules = (
			);
			dependencies = (
			);
			name = RealmExceptionTest;
			productName = RealmException;
			productReference = 440B5DDD1E941AD700737940 /* RealmExceptionTest.app */;
			productType = "com.apple.product-type.application";
		};
/* End PBXNativeTarget section */

/* Begin PBXProject section */
		440B5DD51E941AD700737940 /* Project object */ = {
			isa = PBXProject;
			attributes = {
				LastSwiftUpdateCheck = 0830;
				LastUpgradeCheck = 0830;
				ORGANIZATIONNAME = "Craig Siemens";
				TargetAttributes = {
					440B5DDC1E941AD700737940 = {
						CreatedOnToolsVersion = 8.3;
						ProvisioningStyle = Automatic;
					};
				};
			};
			buildConfigurationList = 440B5DD81E941AD700737940 /* Build configuration list for PBXProject "RealmExceptionTest" */;
			compatibilityVersion = "Xcode 3.2";
			developmentRegion = English;
			hasScannedForEncodings = 0;
			knownRegions = (
				en,
				Base,
			);
			mainGroup = 440B5DD41E941AD700737940;
			productRefGroup = 440B5DDE1E941AD700737940 /* Products */;
			projectDirPath = "";
			projectRoot = "";
			targets = (
				440B5DDC1E941AD700737940 /* RealmExceptionTest */,
			);
		};
/* End PBXProject section */

/* Begin PBXResourcesBuildPhase section */
		440B5DDB1E941AD700737940 /* Resources */ = {
			isa = PBXResourcesBuildPhase;
			buildActionMask = 2147483647;
			files = (
				440B5DEB1E941AD700737940 /* LaunchScreen.storyboard in Resources */,
				440B5DE81E941AD700737940 /* Assets.xcassets in Resources */,
				440B5DE61E941AD700737940 /* Main.storyboard in Resources */,
			);
			runOnlyForDeploymentPostprocessing = 0;
		};
/* End PBXResourcesBuildPhase section */

/* Begin PBXShellScriptBuildPhase section */
		13759A932556483AD41B9A9A /* [CP] Check Pods Manifest.lock */ = {
			isa = PBXShellScriptBuildPhase;
			buildActionMask = 2147483647;
			files = (
			);
			inputPaths = (
			);
			name = "[CP] Check Pods Manifest.lock";
			outputPaths = (
			);
			runOnlyForDeploymentPostprocessing = 0;
			shellPath = /bin/sh;
			shellScript = "diff \"${PODS_ROOT}/../Podfile.lock\" \"${PODS_ROOT}/Manifest.lock\" > /dev/null\nif [ $? != 0 ] ; then\n    # print error to STDERR\n    echo \"error: The sandbox is not in sync with the Podfile.lock. Run 'pod install' or update your CocoaPods installation.\" >&2\n    exit 1\nfi\n";
			showEnvVarsInLog = 0;
		};
		ABD1F4F7C8BF8CFCE12F6697 /* [CP] Copy Pods Resources */ = {
			isa = PBXShellScriptBuildPhase;
			buildActionMask = 2147483647;
			files = (
			);
			inputPaths = (
			);
			name = "[CP] Copy Pods Resources";
			outputPaths = (
			);
			runOnlyForDeploymentPostprocessing = 0;
			shellPath = /bin/sh;
			shellScript = "\"${SRCROOT}/Pods/Target Support Files/Pods-RealmExceptionTest/Pods-RealmExceptionTest-resources.sh\"\n";
			showEnvVarsInLog = 0;
		};
		C2D6E4C9319DF1CBD9B6AD0F /* [CP] Embed Pods Frameworks */ = {
			isa = PBXShellScriptBuildPhase;
			buildActionMask = 2147483647;
			files = (
			);
			inputPaths = (
			);
			name = "[CP] Embed Pods Frameworks";
			outputPaths = (
			);
			runOnlyForDeploymentPostprocessing = 0;
			shellPath = /bin/sh;
			shellScript = "\"${SRCROOT}/Pods/Target Support Files/Pods-RealmExceptionTest/Pods-RealmExceptionTest-frameworks.sh\"\n";
			showEnvVarsInLog = 0;
		};
/* End PBXShellScriptBuildPhase section */

/* Begin PBXSourcesBuildPhase section */
		440B5DD91E941AD700737940 /* Sources */ = {
			isa = PBXSourcesBuildPhase;
			buildActionMask = 2147483647;
			files = (
				440B5DF31E941B3C00737940 /* Model.swift in Sources */,
				440B5DE31E941AD700737940 /* ViewController.swift in Sources */,
				440B5DE11E941AD700737940 /* AppDelegate.swift in Sources */,
			);
			runOnlyForDeploymentPostprocessing = 0;
		};
/* End PBXSourcesBuildPhase section */

/* Begin PBXVariantGroup section */
		440B5DE41E941AD700737940 /* Main.storyboard */ = {
			isa = PBXVariantGroup;
			children = (
				440B5DE51E941AD700737940 /* Base */,
			);
			name = Main.storyboard;
			sourceTree = "<group>";
		};
		440B5DE91E941AD700737940 /* LaunchScreen.storyboard */ = {
			isa = PBXVariantGroup;
			children = (
				440B5DEA1E941AD700737940 /* Base */,
			);
			name = LaunchScreen.storyboard;
			sourceTree = "<group>";
		};
/* End PBXVariantGroup section */

/* Begin XCBuildConfiguration section */
		440B5DED1E941AD700737940 /* Debug */ = {
			isa = XCBuildConfiguration;
			buildSettings = {
				ALWAYS_SEARCH_USER_PATHS = NO;
				CLANG_ANALYZER_NONNULL = YES;
				CLANG_ANALYZER_NUMBER_OBJECT_CONVERSION = YES_AGGRESSIVE;
				CLANG_CXX_LANGUAGE_STANDARD = "gnu++0x";
				CLANG_CXX_LIBRARY = "libc++";
				CLANG_ENABLE_MODULES = YES;
				CLANG_ENABLE_OBJC_ARC = YES;
				CLANG_WARN_BOOL_CONVERSION = YES;
				CLANG_WARN_CONSTANT_CONVERSION = YES;
				CLANG_WARN_DIRECT_OBJC_ISA_USAGE = YES_ERROR;
				CLANG_WARN_DOCUMENTATION_COMMENTS = YES;
				CLANG_WARN_EMPTY_BODY = YES;
				CLANG_WARN_ENUM_CONVERSION = YES;
				CLANG_WARN_INFINITE_RECURSION = YES;
				CLANG_WARN_INT_CONVERSION = YES;
				CLANG_WARN_OBJC_ROOT_CLASS = YES_ERROR;
				CLANG_WARN_SUSPICIOUS_MOVE = YES;
				CLANG_WARN_UNREACHABLE_CODE = YES;
				CLANG_WARN__DUPLICATE_METHOD_MATCH = YES;
				"CODE_SIGN_IDENTITY[sdk=iphoneos*]" = "iPhone Developer";
				COPY_PHASE_STRIP = NO;
				DEBUG_INFORMATION_FORMAT = dwarf;
				ENABLE_STRICT_OBJC_MSGSEND = YES;
				ENABLE_TESTABILITY = YES;
				GCC_C_LANGUAGE_STANDARD = gnu99;
				GCC_DYNAMIC_NO_PIC = NO;
				GCC_NO_COMMON_BLOCKS = YES;
				GCC_OPTIMIZATION_LEVEL = 0;
				GCC_PREPROCESSOR_DEFINITIONS = (
					"DEBUG=1",
					"$(inherited)",
				);
				GCC_WARN_64_TO_32_BIT_CONVERSION = YES;
				GCC_WARN_ABOUT_RETURN_TYPE = YES_ERROR;
				GCC_WARN_UNDECLARED_SELECTOR = YES;
				GCC_WARN_UNINITIALIZED_AUTOS = YES_AGGRESSIVE;
				GCC_WARN_UNUSED_FUNCTION = YES;
				GCC_WARN_UNUSED_VARIABLE = YES;
				IPHONEOS_DEPLOYMENT_TARGET = 10.3;
				MTL_ENABLE_DEBUG_INFO = YES;
				ONLY_ACTIVE_ARCH = YES;
				SDKROOT = iphoneos;
				SWIFT_ACTIVE_COMPILATION_CONDITIONS = DEBUG;
				SWIFT_OPTIMIZATION_LEVEL = "-Onone";
			};
			name = Debug;
		};
		440B5DEE1E941AD700737940 /* Release */ = {
			isa = XCBuildConfiguration;
			buildSettings = {
				ALWAYS_SEARCH_USER_PATHS = NO;
				CLANG_ANALYZER_NONNULL = YES;
				CLANG_ANALYZER_NUMBER_OBJECT_CONVERSION = YES_AGGRESSIVE;
				CLANG_CXX_LANGUAGE_STANDARD = "gnu++0x";
				CLANG_CXX_LIBRARY = "libc++";
				CLANG_ENABLE_MODULES = YES;
				CLANG_ENABLE_OBJC_ARC = YES;
				CLANG_WARN_BOOL_CONVERSION = YES;
				CLANG_WARN_CONSTANT_CONVERSION = YES;
				CLANG_WARN_DIRECT_OBJC_ISA_USAGE = YES_ERROR;
				CLANG_WARN_DOCUMENTATION_COMMENTS = YES;
				CLANG_WARN_EMPTY_BODY = YES;
				CLANG_WARN_ENUM_CONVERSION = YES;
				CLANG_WARN_INFINITE_RECURSION = YES;
				CLANG_WARN_INT_CONVERSION = YES;
				CLANG_WARN_OBJC_ROOT_CLASS = YES_ERROR;
				CLANG_WARN_SUSPICIOUS_MOVE = YES;
				CLANG_WARN_UNREACHABLE_CODE = YES;
				CLANG_WARN__DUPLICATE_METHOD_MATCH = YES;
				"CODE_SIGN_IDENTITY[sdk=iphoneos*]" = "iPhone Developer";
				COPY_PHASE_STRIP = NO;
				DEBUG_INFORMATION_FORMAT = "dwarf-with-dsym";
				ENABLE_NS_ASSERTIONS = NO;
				ENABLE_STRICT_OBJC_MSGSEND = YES;
				GCC_C_LANGUAGE_STANDARD = gnu99;
				GCC_NO_COMMON_BLOCKS = YES;
				GCC_WARN_64_TO_32_BIT_CONVERSION = YES;
				GCC_WARN_ABOUT_RETURN_TYPE = YES_ERROR;
				GCC_WARN_UNDECLARED_SELECTOR = YES;
				GCC_WARN_UNINITIALIZED_AUTOS = YES_AGGRESSIVE;
				GCC_WARN_UNUSED_FUNCTION = YES;
				GCC_WARN_UNUSED_VARIABLE = YES;
				IPHONEOS_DEPLOYMENT_TARGET = 10.3;
				MTL_ENABLE_DEBUG_INFO = NO;
				SDKROOT = iphoneos;
				SWIFT_OPTIMIZATION_LEVEL = "-Owholemodule";
				VALIDATE_PRODUCT = YES;
			};
			name = Release;
		};
		440B5DF01E941AD700737940 /* Debug */ = {
			isa = XCBuildConfiguration;
			baseConfigurationReference = 1D4C7EA3F8060D554E91D4B6 /* Pods-RealmExceptionTest.debug.xcconfig */;
			buildSettings = {
				ASSETCATALOG_COMPILER_APPICON_NAME = AppIcon;
				INFOPLIST_FILE = RealmException/Info.plist;
				LD_RUNPATH_SEARCH_PATHS = "$(inherited) @executable_path/Frameworks";
				PRODUCT_BUNDLE_IDENTIFIER = com.craigsiemens.RealmException;
				PRODUCT_NAME = "$(TARGET_NAME)";
				SWIFT_VERSION = 3.0;
			};
			name = Debug;
		};
		440B5DF11E941AD700737940 /* Release */ = {
			isa = XCBuildConfiguration;
			baseConfigurationReference = D4861D78829FEF4CA1F7B207 /* Pods-RealmExceptionTest.release.xcconfig */;
			buildSettings = {
				ASSETCATALOG_COMPILER_APPICON_NAME = AppIcon;
				INFOPLIST_FILE = RealmException/Info.plist;
				LD_RUNPATH_SEARCH_PATHS = "$(inherited) @executable_path/Frameworks";
				PRODUCT_BUNDLE_IDENTIFIER = com.craigsiemens.RealmException;
				PRODUCT_NAME = "$(TARGET_NAME)";
				SWIFT_VERSION = 3.0;
			};
			name = Release;
		};
/* End XCBuildConfiguration section */

/* Begin XCConfigurationList section */
		440B5DD81E941AD700737940 /* Build configuration list for PBXProject "RealmExceptionTest" */ = {
			isa = XCConfigurationList;
			buildConfigurations = (
				440B5DED1E941AD700737940 /* Debug */,
				440B5DEE1E941AD700737940 /* Release */,
			);
			defaultConfigurationIsVisible = 0;
			defaultConfigurationName = Release;
		};
		440B5DEF1E941AD700737940 /* Build configuration list for PBXNativeTarget "RealmExceptionTest" */ = {
			isa = XCConfigurationList;
			buildConfigurations = (
				440B5DF01E941AD700737940 /* Debug */,
				440B5DF11E941AD700737940 /* Release */,
			);
			defaultConfigurationIsVisible = 0;
			defaultConfigurationName = Release;
		};
/* End XCConfigurationList section */
	};
	rootObject = 440B5DD51E941AD700737940 /* Project object */;
}
